
Microsoft Visual Studio Solution File, Format Version 12.00
# Visual Studio Version 16
VisualStudioVersion = 16.0.32002.261
MinimumVisualStudioVersion = 10.0.40219.1
Project("{FAE04EC0-301F-11D3-BF4B-00C04F79EFBC}") = "Unidad4CattaneoEspindolaCeschiOviedo", "Unidad4CattaneoEspindolaCeschiOviedo.csproj", "{8F27D269-AC14-4BC6-8883-3E45DD1ED89A}"
EndProject
Global
	GlobalSection(SolutionConfigurationPlatforms) = preSolution
		Debug|Any CPU = Debug|Any CPU
		Release|Any CPU = Release|Any CPU
	EndGlobalSection
	GlobalSection(ProjectConfigurationPlatforms) = postSolution
		{8F27D269-AC14-4BC6-8883-3E45DD1ED89A}.Debug|Any CPU.ActiveCfg = Debug|Any CPU
		{8F27D269-AC14-4BC6-8883-3E45DD1ED89A}.Debug|Any CPU.Build.0 = Debug|Any CPU
		{8F27D269-AC14-4BC6-8883-3E45DD1ED89A}.Release|Any CPU.ActiveCfg = Release|Any CPU
		{8F27D269-AC14-4BC6-8883-3E45DD1ED89A}.Release|Any CPU.Build.0 = Release|Any CPU
	EndGlobalSection
	GlobalSection(SolutionProperties) = preSolution
		HideSolutionNode = FALSE
	EndGlobalSection
	GlobalSection(ExtensibilityGlobals) = postSolution
		SolutionGuid = {FDD2D12A-6412-4FA0-9E45-DFF25D666D7F}
	EndGlobalSection
EndGlobal
